
Microsoft Visual Studio Solution File, Format Version 12.00
# Visual Studio Version 17
VisualStudioVersion = 17.2.32630.192
MinimumVisualStudioVersion = 10.0.40219.1
Project("{FAE04EC0-301F-11D3-BF4B-00C04F79EFBC}") = "Telefon Rehberi", "Telefon Rehberi\Telefon Rehberi.csproj", "{28A1EE4B-125F-4326-BE6D-E89BAAD05243}"
EndProject
Global
	GlobalSection(SolutionConfigurationPlatforms) = preSolution
		Debug|Any CPU = Debug|Any CPU
		Release|Any CPU = Release|Any CPU
	EndGlobalSection
	GlobalSection(ProjectConfigurationPlatforms) = postSolution
		{28A1EE4B-125F-4326-BE6D-E89BAAD05243}.Debug|Any CPU.ActiveCfg = Debug|Any CPU
		{28A1EE4B-125F-4326-BE6D-E89BAAD05243}.Debug|Any CPU.Build.0 = Debug|Any CPU
		{28A1EE4B-125F-4326-BE6D-E89BAAD05243}.Release|Any CPU.ActiveCfg = Release|Any CPU
		{28A1EE4B-125F-4326-BE6D-E89BAAD05243}.Release|Any CPU.Build.0 = Release|Any CPU
	EndGlobalSection
	GlobalSection(SolutionProperties) = preSolution
		HideSolutionNode = FALSE
	EndGlobalSection
	GlobalSection(ExtensibilityGlobals) = postSolution
		SolutionGuid = {69A4803F-2F3F-4E65-A99A-15CD594EDA81}
	EndGlobalSection
EndGlobal
